
Microsoft Visual Studio Solution File, Format Version 12.00
# Visual Studio Version 17
VisualStudioVersion = 17.7.34009.444
MinimumVisualStudioVersion = 10.0.40219.1
Project("{FAE04EC0-301F-11D3-BF4B-00C04F79EFBC}") = "TicketsConDetalle.Server", "Server\TicketsConDetalle.Server.csproj", "{49E7C0EE-1C86-4CC5-88C5-A29E1BA9D304}"
EndProject
Project("{FAE04EC0-301F-11D3-BF4B-00C04F79EFBC}") = "TicketsConDetalle.Client", "Client\TicketsConDetalle.Client.csproj", "{D5EC9C28-F15C-4815-924F-1E0610E631BF}"
EndProject
Project("{FAE04EC0-301F-11D3-BF4B-00C04F79EFBC}") = "TicketsConDetalle.Shared", "Shared\TicketsConDetalle.Shared.csproj", "{10D6FF14-F8E6-4C1D-990E-79A7DF393049}"
EndProject
Global
	GlobalSection(SolutionConfigurationPlatforms) = preSolution
		Debug|Any CPU = Debug|Any CPU
		Release|Any CPU = Release|Any CPU
	EndGlobalSection
	GlobalSection(ProjectConfigurationPlatforms) = postSolution
		{49E7C0EE-1C86-4CC5-88C5-A29E1BA9D304}.Debug|Any CPU.ActiveCfg = Debug|Any CPU
		{49E7C0EE-1C86-4CC5-88C5-A29E1BA9D304}.Debug|Any CPU.Build.0 = Debug|Any CPU
		{49E7C0EE-1C86-4CC5-88C5-A29E1BA9D304}.Release|Any CPU.ActiveCfg = Release|Any CPU
		{49E7C0EE-1C86-4CC5-88C5-A29E1BA9D304}.Release|Any CPU.Build.0 = Release|Any CPU
		{D5EC9C28-F15C-4815-924F-1E0610E631BF}.Debug|Any CPU.ActiveCfg = Debug|Any CPU
		{D5EC9C28-F15C-4815-924F-1E0610E631BF}.Debug|Any CPU.Build.0 = Debug|Any CPU
		{D5EC9C28-F15C-4815-924F-1E0610E631BF}.Release|Any CPU.ActiveCfg = Release|Any CPU
		{D5EC9C28-F15C-4815-924F-1E0610E631BF}.Release|Any CPU.Build.0 = Release|Any CPU
		{10D6FF14-F8E6-4C1D-990E-79A7DF393049}.Debug|Any CPU.ActiveCfg = Debug|Any CPU
		{10D6FF14-F8E6-4C1D-990E-79A7DF393049}.Debug|Any CPU.Build.0 = Debug|Any CPU
		{10D6FF14-F8E6-4C1D-990E-79A7DF393049}.Release|Any CPU.ActiveCfg = Release|Any CPU
		{10D6FF14-F8E6-4C1D-990E-79A7DF393049}.Release|Any CPU.Build.0 = Release|Any CPU
	EndGlobalSection
	GlobalSection(SolutionProperties) = preSolution
		HideSolutionNode = FALSE
	EndGlobalSection
	GlobalSection(ExtensibilityGlobals) = postSolution
		SolutionGuid = {CDF85A0D-9BD8-46F9-AF2B-F048BD8C4E38}
	EndGlobalSection
EndGlobal
